
Microsoft Visual Studio Solution File, Format Version 12.00
# Visual Studio 15
Project("{FAE04EC0-301F-11D3-BF4B-00C04F79EFBC}") = "Assembly-CSharp-firstpass", "Assembly-CSharp-firstpass.csproj", "{DE36C097-9790-DE8C-E7E6-19D04323B613}"
EndProject
Project("{FAE04EC0-301F-11D3-BF4B-00C04F79EFBC}") = "Assembly-CSharp-Editor-firstpass", "Assembly-CSharp-Editor-firstpass.csproj", "{4F8A4E91-C9B0-F2F8-8835-8269044C1380}"
EndProject
Global
	GlobalSection(SolutionConfigurationPlatforms) = preSolution
		Debug|Any CPU = Debug|Any CPU
		Release|Any CPU = Release|Any CPU
	EndGlobalSection
	GlobalSection(ProjectConfigurationPlatforms) = postSolution
		{DE36C097-9790-DE8C-E7E6-19D04323B613}.Debug|Any CPU.ActiveCfg = Debug|Any CPU
		{DE36C097-9790-DE8C-E7E6-19D04323B613}.Debug|Any CPU.Build.0 = Debug|Any CPU
		{DE36C097-9790-DE8C-E7E6-19D04323B613}.Release|Any CPU.ActiveCfg = Release|Any CPU
		{DE36C097-9790-DE8C-E7E6-19D04323B613}.Release|Any CPU.Build.0 = Release|Any CPU
		{4F8A4E91-C9B0-F2F8-8835-8269044C1380}.Debug|Any CPU.ActiveCfg = Debug|Any CPU
		{4F8A4E91-C9B0-F2F8-8835-8269044C1380}.Debug|Any CPU.Build.0 = Debug|Any CPU
		{4F8A4E91-C9B0-F2F8-8835-8269044C1380}.Release|Any CPU.ActiveCfg = Release|Any CPU
		{4F8A4E91-C9B0-F2F8-8835-8269044C1380}.Release|Any CPU.Build.0 = Release|Any CPU
	EndGlobalSection
	GlobalSection(SolutionProperties) = preSolution
		HideSolutionNode = FALSE
	EndGlobalSection
EndGlobal
